
Microsoft Visual Studio Solution File, Format Version 12.00
# Visual Studio Version 17
VisualStudioVersion = 17.9.34723.18
MinimumVisualStudioVersion = 10.0.40219.1
Project("{2150E333-8FDC-42A3-9474-1A3956D46DE8}") = "Solution Items", "Solution Items", "{71C93737-85B8-48D1-A31D-669C76D61D80}"
	ProjectSection(SolutionItems) = preProject
		global.json = global.json
	EndProjectSection
EndProject
Project("{FAE04EC0-301F-11D3-BF4B-00C04F79EFBC}") = "TelerikAspNetCoreApp1", "TelerikAspNetCoreApp1\TelerikAspNetCoreApp1.csproj", "{15BEC9C9-9362-4B25-A617-F67B0F166E16}"
EndProject
Global
	GlobalSection(SolutionConfigurationPlatforms) = preSolution
		Debug|Any CPU = Debug|Any CPU
		Release|Any CPU = Release|Any CPU
	EndGlobalSection
	GlobalSection(ProjectConfigurationPlatforms) = postSolution
		{15BEC9C9-9362-4B25-A617-F67B0F166E16}.Debug|Any CPU.ActiveCfg = Debug|Any CPU
		{15BEC9C9-9362-4B25-A617-F67B0F166E16}.Debug|Any CPU.Build.0 = Debug|Any CPU
		{15BEC9C9-9362-4B25-A617-F67B0F166E16}.Release|Any CPU.ActiveCfg = Release|Any CPU
		{15BEC9C9-9362-4B25-A617-F67B0F166E16}.Release|Any CPU.Build.0 = Release|Any CPU
	EndGlobalSection
	GlobalSection(SolutionProperties) = preSolution
		HideSolutionNode = FALSE
	EndGlobalSection
	GlobalSection(ExtensibilityGlobals) = postSolution
		SolutionGuid = {F2C92989-627F-45EB-98C1-50D380CD5A24}
	EndGlobalSection
EndGlobal
